
Microsoft Visual Studio Solution File, Format Version 12.00
# Visual Studio Version 17
VisualStudioVersion = 17.14.36203.30 d17.14
MinimumVisualStudioVersion = 10.0.40219.1
Project("{FAE04EC0-301F-11D3-BF4B-00C04F79EFBC}") = "Dsw2026Ej15", "Dsw2026Ej15\Dsw2026Ej15.csproj", "{BAEDAC30-451E-4957-B2DA-6CCB2D021168}"
EndProject
Project("{FAE04EC0-301F-11D3-BF4B-00C04F79EFBC}") = "Dsw2026Ej15.Api", "..\Dsw2026Ej15.Api\Dsw2026Ej15.Api.csproj", "{E6BF5728-E0F1-419F-9A42-C21ADA1D1ECA}"
EndProject
Project("{FAE04EC0-301F-11D3-BF4B-00C04F79EFBC}") = "Dsw2026Ej15.Domain", "..\Dsw2026Ej15.Domain\Dsw2026Ej15.Domain.csproj", "{D19C4D47-E7CB-4BC9-B178-2FCE93C16993}"
EndProject
Project("{FAE04EC0-301F-11D3-BF4B-00C04F79EFBC}") = "Dsw2026Ej15.Data", "..\Dsw2026Ej15.Data\Dsw2026Ej15.Data.csproj", "{00574121-66F5-46B0-B25B-AE8BD07BA8E7}"
EndProject
Global
	GlobalSection(SolutionConfigurationPlatforms) = preSolution
		Debug|Any CPU = Debug|Any CPU
		Release|Any CPU = Release|Any CPU
	EndGlobalSection
	GlobalSection(ProjectConfigurationPlatforms) = postSolution
		{BAEDAC30-451E-4957-B2DA-6CCB2D021168}.Debug|Any CPU.ActiveCfg = Debug|Any CPU
		{BAEDAC30-451E-4957-B2DA-6CCB2D021168}.Debug|Any CPU.Build.0 = Debug|Any CPU
		{BAEDAC30-451E-4957-B2DA-6CCB2D021168}.Release|Any CPU.ActiveCfg = Release|Any CPU
		{BAEDAC30-451E-4957-B2DA-6CCB2D021168}.Release|Any CPU.Build.0 = Release|Any CPU
		{E6BF5728-E0F1-419F-9A42-C21ADA1D1ECA}.Debug|Any CPU.ActiveCfg = Debug|Any CPU
		{E6BF5728-E0F1-419F-9A42-C21ADA1D1ECA}.Debug|Any CPU.Build.0 = Debug|Any CPU
		{E6BF5728-E0F1-419F-9A42-C21ADA1D1ECA}.Release|Any CPU.ActiveCfg = Release|Any CPU
		{E6BF5728-E0F1-419F-9A42-C21ADA1D1ECA}.Release|Any CPU.Build.0 = Release|Any CPU
		{D19C4D47-E7CB-4BC9-B178-2FCE93C16993}.Debug|Any CPU.ActiveCfg = Debug|Any CPU
		{D19C4D47-E7CB-4BC9-B178-2FCE93C16993}.Debug|Any CPU.Build.0 = Debug|Any CPU
		{D19C4D47-E7CB-4BC9-B178-2FCE93C16993}.Release|Any CPU.ActiveCfg = Release|Any CPU
		{D19C4D47-E7CB-4BC9-B178-2FCE93C16993}.Release|Any CPU.Build.0 = Release|Any CPU
		{00574121-66F5-46B0-B25B-AE8BD07BA8E7}.Debug|Any CPU.ActiveCfg = Debug|Any CPU
		{00574121-66F5-46B0-B25B-AE8BD07BA8E7}.Debug|Any CPU.Build.0 = Debug|Any CPU
		{00574121-66F5-46B0-B25B-AE8BD07BA8E7}.Release|Any CPU.ActiveCfg = Release|Any CPU
		{00574121-66F5-46B0-B25B-AE8BD07BA8E7}.Release|Any CPU.Build.0 = Release|Any CPU
	EndGlobalSection
	GlobalSection(SolutionProperties) = preSolution
		HideSolutionNode = FALSE
	EndGlobalSection
	GlobalSection(ExtensibilityGlobals) = postSolution
		SolutionGuid = {B25FAD1F-9F7D-4557-BDBC-C59ED1D6B235}
	EndGlobalSection
EndGlobal
