
Microsoft Visual Studio Solution File, Format Version 12.00
# Visual Studio Version 17
VisualStudioVersion = 17.14.36203.30 d17.14
MinimumVisualStudioVersion = 10.0.40219.1
Project("{FAE04EC0-301F-11D3-BF4B-00C04F79EFBC}") = "Dsw2026Ej15", "Dsw2026Ej15.csproj", "{F2567DAF-FAD3-41D0-9F7D-933F576C1732}"
EndProject
Global
	GlobalSection(SolutionConfigurationPlatforms) = preSolution
		Debug|Any CPU = Debug|Any CPU
		Release|Any CPU = Release|Any CPU
	EndGlobalSection
	GlobalSection(ProjectConfigurationPlatforms) = postSolution
		{F2567DAF-FAD3-41D0-9F7D-933F576C1732}.Debug|Any CPU.ActiveCfg = Debug|Any CPU
		{F2567DAF-FAD3-41D0-9F7D-933F576C1732}.Debug|Any CPU.Build.0 = Debug|Any CPU
		{F2567DAF-FAD3-41D0-9F7D-933F576C1732}.Release|Any CPU.ActiveCfg = Release|Any CPU
		{F2567DAF-FAD3-41D0-9F7D-933F576C1732}.Release|Any CPU.Build.0 = Release|Any CPU
	EndGlobalSection
	GlobalSection(SolutionProperties) = preSolution
		HideSolutionNode = FALSE
	EndGlobalSection
	GlobalSection(ExtensibilityGlobals) = postSolution
		SolutionGuid = {716284FC-7E87-4B5D-9129-6C448C685E0F}
	EndGlobalSection
EndGlobal
